{
  "id": "jeffworldquiz",
  "name": "Simple Quiz",
  "version": "1.3.0",
  "beta": true,
  "pluginType": "Business",
  "description": "Attach a simple quiz popup to any object.",
  "longDescription": "Attach a simple quiz popup to any object in order to create gamified experiences. Two components are included, a Multiple Question Quiz and a Single Question Quiz.",
  "configuration": "Configure in component settings. The quiz questions should be represented as a JSON array, with each question being an object within this array. Each question object should include (1) 'question': A string representing the quiz question. (2) 'choices': An array of strings, each string representing a possible answer choice. (3) 'correct': An integer representing the index of the correct answer in the choices array.",
  "category": "Games",
  "businessId": "hCsur3Hk00",
  "price": 0,
  "releaseNotes": "Prevent re-taking the quiz after it's completed.",
  "entrypoint": "https://plugins.vatom.com/hCsur3Hk00/8f2f717cc9bde442ca8e0163d415f1bf/plugin.js"
}