{
  "id": "jeffworldquiz",
  "name": "Simple Quiz",
  "version": "1.2.0",
  "beta": true,
  "pluginType": "Business",
  "description": "A simple quiz component",
  "longDescription": "A simple quiz component",
  "configuration": "Configure in component settings",
  "category": "Games",
  "businessId": "hCsur3Hk00",
  "price": 0,
  "releaseNotes": "Added component for a Single Question quiz",
  "entrypoint": "https://plugins.vatom.com/hCsur3Hk00/f3d406f5765a9054689728f2f81ba1c7/plugin.js"
}