{
  "id": "jeffworldquiz",
  "name": "Simple Quiz",
  "version": "1.1.0",
  "beta": true,
  "pluginType": "Business",
  "description": "A simple quiz component",
  "longDescription": "A simple quiz component",
  "configuration": "Configure in component settings",
  "category": "Games",
  "businessId": "hCsur3Hk00",
  "price": 0,
  "releaseNotes": "Added highlight for correct and incorrect answers. Answer buttons are now dynamic and can handle 2, 3 or 4 answer choices per question.",
  "entrypoint": ""
}